
Microsoft Visual Studio Solution File, Format Version 12.00
# Visual Studio 14
VisualStudioVersion = 14.0.25420.1
MinimumVisualStudioVersion = 10.0.40219.1
Project("{FAE04EC0-301F-11D3-BF4B-00C04F79EFBC}") = "StringCalculator", "..\..\..\..\..\..\GIT\StringCalculator\StringCalculator\StringCalculator.csproj", "{62AE5717-06A1-4A70-B753-10377BDF02AD}"
EndProject
Project("{FAE04EC0-301F-11D3-BF4B-00C04F79EFBC}") = "StringCalculator.Tests", "..\..\..\..\..\..\GIT\StringCalculator\StringCalculator.Tests\StringCalculator.Tests.csproj", "{13693C05-0883-41E7-B8FC-14241A64B7C1}"
EndProject
Global
	GlobalSection(SolutionConfigurationPlatforms) = preSolution
		Debug|Any CPU = Debug|Any CPU
		Release|Any CPU = Release|Any CPU
	EndGlobalSection
	GlobalSection(ProjectConfigurationPlatforms) = postSolution
		{62AE5717-06A1-4A70-B753-10377BDF02AD}.Debug|Any CPU.ActiveCfg = Debug|Any CPU
		{62AE5717-06A1-4A70-B753-10377BDF02AD}.Debug|Any CPU.Build.0 = Debug|Any CPU
		{62AE5717-06A1-4A70-B753-10377BDF02AD}.Release|Any CPU.ActiveCfg = Release|Any CPU
		{62AE5717-06A1-4A70-B753-10377BDF02AD}.Release|Any CPU.Build.0 = Release|Any CPU
		{13693C05-0883-41E7-B8FC-14241A64B7C1}.Debug|Any CPU.ActiveCfg = Debug|Any CPU
		{13693C05-0883-41E7-B8FC-14241A64B7C1}.Debug|Any CPU.Build.0 = Debug|Any CPU
		{13693C05-0883-41E7-B8FC-14241A64B7C1}.Release|Any CPU.ActiveCfg = Release|Any CPU
		{13693C05-0883-41E7-B8FC-14241A64B7C1}.Release|Any CPU.Build.0 = Release|Any CPU
	EndGlobalSection
	GlobalSection(SolutionProperties) = preSolution
		HideSolutionNode = FALSE
	EndGlobalSection
EndGlobal
